// !$*UTF8*$!
{
	archiveVersion = 1;
	classes = {
	};
	objectVersion = 46;
	objects = {

/* Begin PBXBuildFile section */
		D9D761501EA93D2F0065F9BF /* AppDelegate.swift in Sources */ = {isa = PBXBuildFile; fileRef = D9D7614F1EA93D2F0065F9BF /* AppDelegate.swift */; };
		D9D761571EA93D2F0065F9BF /* Assets.xcassets in Resources */ = {isa = PBXBuildFile; fileRef = D9D761561EA93D2F0065F9BF /* Assets.xcassets */; };
		D9D7615A1EA93D2F0065F9BF /* LaunchScreen.storyboard in Resources */ = {isa = PBXBuildFile; fileRef = D9D761581EA93D2F0065F9BF /* LaunchScreen.storyboard */; };
		D9D761621EA93E1A0065F9BF /* PostViewController.swift in Sources */ = {isa = PBXBuildFile; fileRef = D9D761611EA93E1A0065F9BF /* PostViewController.swift */; };
		D9D761641EA93E520065F9BF /* PostDataSource.swift in Sources */ = {isa = PBXBuildFile; fileRef = D9D761631EA93E520065F9BF /* PostDataSource.swift */; };
		D9D761661EA93E8C0065F9BF /* Post.swift in Sources */ = {isa = PBXBuildFile; fileRef = D9D761651EA93E8C0065F9BF /* Post.swift */; };
		D9D761681EA93EAE0065F9BF /* PostStore.swift in Sources */ = {isa = PBXBuildFile; fileRef = D9D761671EA93EAE0065F9BF /* PostStore.swift */; };
		D9D7616A1EA943020065F9BF /* PostViewCell.swift in Sources */ = {isa = PBXBuildFile; fileRef = D9D761691EA943020065F9BF /* PostViewCell.swift */; };
		D9FA591E1EAFD7A60010D676 /* RedditAPI.swift in Sources */ = {isa = PBXBuildFile; fileRef = D9FA591D1EAFD7A60010D676 /* RedditAPI.swift */; };
/* End PBXBuildFile section */

/* Begin PBXFileReference section */
		D9D7614C1EA93D2F0065F9BF /* deddit.app */ = {isa = PBXFileReference; explicitFileType = wrapper.application; includeInIndex = 0; path = deddit.app; sourceTree = BUILT_PRODUCTS_DIR; };
		D9D7614F1EA93D2F0065F9BF /* AppDelegate.swift */ = {isa = PBXFileReference; lastKnownFileType = sourcecode.swift; path = AppDelegate.swift; sourceTree = "<group>"; };
		D9D761561EA93D2F0065F9BF /* Assets.xcassets */ = {isa = PBXFileReference; lastKnownFileType = folder.assetcatalog; path = Assets.xcassets; sourceTree = "<group>"; };
		D9D761591EA93D2F0065F9BF /* Base */ = {isa = PBXFileReference; lastKnownFileType = file.storyboard; name = Base; path = Base.lproj/LaunchScreen.storyboard; sourceTree = "<group>"; };
		D9D7615B1EA93D2F0065F9BF /* Info.plist */ = {isa = PBXFileReference; lastKnownFileType = text.plist.xml; path = Info.plist; sourceTree = "<group>"; };
		D9D761611EA93E1A0065F9BF /* PostViewController.swift */ = {isa = PBXFileReference; fileEncoding = 4; lastKnownFileType = sourcecode.swift; path = PostViewController.swift; sourceTree = "<group>"; };
		D9D761631EA93E520065F9BF /* PostDataSource.swift */ = {isa = PBXFileReference; fileEncoding = 4; lastKnownFileType = sourcecode.swift; path = PostDataSource.swift; sourceTree = "<group>"; };
		D9D761651EA93E8C0065F9BF /* Post.swift */ = {isa = PBXFileReference; fileEncoding = 4; lastKnownFileType = sourcecode.swift; path = Post.swift; sourceTree = "<group>"; };
		D9D761671EA93EAE0065F9BF /* PostStore.swift */ = {isa = PBXFileReference; fileEncoding = 4; lastKnownFileType = sourcecode.swift; path = PostStore.swift; sourceTree = "<group>"; };
		D9D761691EA943020065F9BF /* PostViewCell.swift */ = {isa = PBXFileReference; fileEncoding = 4; lastKnownFileType = sourcecode.swift; path = PostViewCell.swift; sourceTree = "<group>"; };
		D9FA591D1EAFD7A60010D676 /* RedditAPI.swift */ = {isa = PBXFileReference; fileEncoding = 4; lastKnownFileType = sourcecode.swift; path = RedditAPI.swift; sourceTree = "<group>"; };
/* End PBXFileReference section */

/* Begin PBXFrameworksBuildPhase section */
		D9D761491EA93D2F0065F9BF /* Frameworks */ = {
			isa = PBXFrameworksBuildPhase;
			buildActionMask = 2147483647;
			files = (
			);
			runOnlyForDeploymentPostprocessing = 0;
		};
/* End PBXFrameworksBuildPhase section */

/* Begin PBXGroup section */
		D9D761431EA93D2F0065F9BF = {
			isa = PBXGroup;
			children = (
				D9D7614E1EA93D2F0065F9BF /* deddit */,
				D9D7614D1EA93D2F0065F9BF /* Products */,
			);
			sourceTree = "<group>";
		};
		D9D7614D1EA93D2F0065F9BF /* Products */ = {
			isa = PBXGroup;
			children = (
				D9D7614C1EA93D2F0065F9BF /* deddit.app */,
			);
			name = Products;
			sourceTree = "<group>";
		};
		D9D7614E1EA93D2F0065F9BF /* deddit */ = {
			isa = PBXGroup;
			children = (
				D9D7614F1EA93D2F0065F9BF /* AppDelegate.swift */,
				D9D761561EA93D2F0065F9BF /* Assets.xcassets */,
				D9D761581EA93D2F0065F9BF /* LaunchScreen.storyboard */,
				D9D7615B1EA93D2F0065F9BF /* Info.plist */,
				D9D761611EA93E1A0065F9BF /* PostViewController.swift */,
				D9D761631EA93E520065F9BF /* PostDataSource.swift */,
				D9D761651EA93E8C0065F9BF /* Post.swift */,
				D9D761671EA93EAE0065F9BF /* PostStore.swift */,
				D9D761691EA943020065F9BF /* PostViewCell.swift */,
				D9FA591D1EAFD7A60010D676 /* RedditAPI.swift */,
			);
			path = deddit;
			sourceTree = "<group>";
		};
/* End PBXGroup section */

/* Begin PBXNativeTarget section */
		D9D7614B1EA93D2F0065F9BF /* deddit */ = {
			isa = PBXNativeTarget;
			buildConfigurationList = D9D7615E1EA93D2F0065F9BF /* Build configuration list for PBXNativeTarget "deddit" */;
			buildPhases = (
				D9D761481EA93D2F0065F9BF /* Sources */,
				D9D761491EA93D2F0065F9BF /* Frameworks */,
				D9D7614A1EA93D2F0065F9BF /* Resources */,
			);
			buildRules = (
			);
			dependencies = (
			);
			name = deddit;
			productName = deddit;
			productReference = D9D7614C1EA93D2F0065F9BF /* deddit.app */;
			productType = "com.apple.product-type.application";
		};
/* End PBXNativeTarget section */

/* Begin PBXProject section */
		D9D761441EA93D2F0065F9BF /* Project object */ = {
			isa = PBXProject;
			attributes = {
				LastSwiftUpdateCheck = 0830;
				LastUpgradeCheck = 0830;
				ORGANIZATIONNAME = "Dan Christal";
				TargetAttributes = {
					D9D7614B1EA93D2F0065F9BF = {
						CreatedOnToolsVersion = 8.3.2;
						DevelopmentTeam = MV6A58NLUE;
						ProvisioningStyle = Automatic;
					};
				};
			};
			buildConfigurationList = D9D761471EA93D2F0065F9BF /* Build configuration list for PBXProject "deddit" */;
			compatibilityVersion = "Xcode 3.2";
			developmentRegion = English;
			hasScannedForEncodings = 0;
			knownRegions = (
				en,
				Base,
			);
			mainGroup = D9D761431EA93D2F0065F9BF;
			productRefGroup = D9D7614D1EA93D2F0065F9BF /* Products */;
			projectDirPath = "";
			projectRoot = "";
			targets = (
				D9D7614B1EA93D2F0065F9BF /* deddit */,
			);
		};
/* End PBXProject section */

/* Begin PBXResourcesBuildPhase section */
		D9D7614A1EA93D2F0065F9BF /* Resources */ = {
			isa = PBXResourcesBuildPhase;
			buildActionMask = 2147483647;
			files = (
				D9D7615A1EA93D2F0065F9BF /* LaunchScreen.storyboard in Resources */,
				D9D761571EA93D2F0065F9BF /* Assets.xcassets in Resources */,
			);
			runOnlyForDeploymentPostprocessing = 0;
		};
/* End PBXResourcesBuildPhase section */

/* Begin PBXSourcesBuildPhase section */
		D9D761481EA93D2F0065F9BF /* Sources */ = {
			isa = PBXSourcesBuildPhase;
			buildActionMask = 2147483647;
			files = (
				D9FA591E1EAFD7A60010D676 /* RedditAPI.swift in Sources */,
				D9D7616A1EA943020065F9BF /* PostViewCell.swift in Sources */,
				D9D761641EA93E520065F9BF /* PostDataSource.swift in Sources */,
				D9D761621EA93E1A0065F9BF /* PostViewController.swift in Sources */,
				D9D761501EA93D2F0065F9BF /* AppDelegate.swift in Sources */,
				D9D761661EA93E8C0065F9BF /* Post.swift in Sources */,
				D9D761681EA93EAE0065F9BF /* PostStore.swift in Sources */,
			);
			runOnlyForDeploymentPostprocessing = 0;
		};
/* End PBXSourcesBuildPhase section */

/* Begin PBXVariantGroup section */
		D9D761581EA93D2F0065F9BF /* LaunchScreen.storyboard */ = {
			isa = PBXVariantGroup;
			children = (
				D9D761591EA93D2F0065F9BF /* Base */,
			);
			name = LaunchScreen.storyboard;
			sourceTree = "<group>";
		};
/* End PBXVariantGroup section */

/* Begin XCBuildConfiguration section */
		D9D7615C1EA93D2F0065F9BF /* Debug */ = {
			isa = XCBuildConfiguration;
			buildSettings = {
				ALWAYS_SEARCH_USER_PATHS = NO;
				CLANG_ANALYZER_NONNULL = YES;
				CLANG_ANALYZER_NUMBER_OBJECT_CONVERSION = YES_AGGRESSIVE;
				CLANG_CXX_LANGUAGE_STANDARD = "gnu++0x";
				CLANG_CXX_LIBRARY = "libc++";
				CLANG_ENABLE_MODULES = YES;
				CLANG_ENABLE_OBJC_ARC = YES;
				CLANG_WARN_BOOL_CONVERSION = YES;
				CLANG_WARN_CONSTANT_CONVERSION = YES;
				CLANG_WARN_DIRECT_OBJC_ISA_USAGE = YES_ERROR;
				CLANG_WARN_DOCUMENTATION_COMMENTS = YES;
				CLANG_WARN_EMPTY_BODY = YES;
				CLANG_WARN_ENUM_CONVERSION = YES;
				CLANG_WARN_INFINITE_RECURSION = YES;
				CLANG_WARN_INT_CONVERSION = YES;
				CLANG_WARN_OBJC_ROOT_CLASS = YES_ERROR;
				CLANG_WARN_SUSPICIOUS_MOVE = YES;
				CLANG_WARN_UNREACHABLE_CODE = YES;
				CLANG_WARN__DUPLICATE_METHOD_MATCH = YES;
				"CODE_SIGN_IDENTITY[sdk=iphoneos*]" = "iPhone Developer";
				COPY_PHASE_STRIP = NO;
				DEBUG_INFORMATION_FORMAT = dwarf;
				ENABLE_STRICT_OBJC_MSGSEND = YES;
				ENABLE_TESTABILITY = YES;
				GCC_C_LANGUAGE_STANDARD = gnu99;
				GCC_DYNAMIC_NO_PIC = NO;
				GCC_NO_COMMON_BLOCKS = YES;
				GCC_OPTIMIZATION_LEVEL = 0;
				GCC_PREPROCESSOR_DEFINITIONS = (
					"DEBUG=1",
					"$(inherited)",
				);
				GCC_WARN_64_TO_32_BIT_CONVERSION = YES;
				GCC_WARN_ABOUT_RETURN_TYPE = YES_ERROR;
				GCC_WARN_UNDECLARED_SELECTOR = YES;
				GCC_WARN_UNINITIALIZED_AUTOS = YES_AGGRESSIVE;
				GCC_WARN_UNUSED_FUNCTION = YES;
				GCC_WARN_UNUSED_VARIABLE = YES;
				IPHONEOS_DEPLOYMENT_TARGET = 10.3;
				MTL_ENABLE_DEBUG_INFO = YES;
				ONLY_ACTIVE_ARCH = YES;
				SDKROOT = iphoneos;
				SWIFT_ACTIVE_COMPILATION_CONDITIONS = DEBUG;
				SWIFT_OPTIMIZATION_LEVEL = "-Onone";
				TARGETED_DEVICE_FAMILY = "1,2";
			};
			name = Debug;
		};
		D9D7615D1EA93D2F0065F9BF /* Release */ = {
			isa = XCBuildConfiguration;
			buildSettings = {
				ALWAYS_SEARCH_USER_PATHS = NO;
				CLANG_ANALYZER_NONNULL = YES;
				CLANG_ANALYZER_NUMBER_OBJECT_CONVERSION = YES_AGGRESSIVE;
				CLANG_CXX_LANGUAGE_STANDARD = "gnu++0x";
				CLANG_CXX_LIBRARY = "libc++";
				CLANG_ENABLE_MODULES = YES;
				CLANG_ENABLE_OBJC_ARC = YES;
				CLANG_WARN_BOOL_CONVERSION = YES;
				CLANG_WARN_CONSTANT_CONVERSION = YES;
				CLANG_WARN_DIRECT_OBJC_ISA_USAGE = YES_ERROR;
				CLANG_WARN_DOCUMENTATION_COMMENTS = YES;
				CLANG_WARN_EMPTY_BODY = YES;
				CLANG_WARN_ENUM_CONVERSION = YES;
				CLANG_WARN_INFINITE_RECURSION = YES;
				CLANG_WARN_INT_CONVERSION = YES;
				CLANG_WARN_OBJC_ROOT_CLASS = YES_ERROR;
				CLANG_WARN_SUSPICIOUS_MOVE = YES;
				CLANG_WARN_UNREACHABLE_CODE = YES;
				CLANG_WARN__DUPLICATE_METHOD_MATCH = YES;
				"CODE_SIGN_IDENTITY[sdk=iphoneos*]" = "iPhone Developer";
				COPY_PHASE_STRIP = NO;
				DEBUG_INFORMATION_FORMAT = "dwarf-with-dsym";
				ENABLE_NS_ASSERTIONS = NO;
				ENABLE_STRICT_OBJC_MSGSEND = YES;
				GCC_C_LANGUAGE_STANDARD = gnu99;
				GCC_NO_COMMON_BLOCKS = YES;
				GCC_WARN_64_TO_32_BIT_CONVERSION = YES;
				GCC_WARN_ABOUT_RETURN_TYPE = YES_ERROR;
				GCC_WARN_UNDECLARED_SELECTOR = YES;
				GCC_WARN_UNINITIALIZED_AUTOS = YES_AGGRESSIVE;
				GCC_WARN_UNUSED_FUNCTION = YES;
				GCC_WARN_UNUSED_VARIABLE = YES;
				IPHONEOS_DEPLOYMENT_TARGET = 10.3;
				MTL_ENABLE_DEBUG_INFO = NO;
				SDKROOT = iphoneos;
				SWIFT_OPTIMIZATION_LEVEL = "-Owholemodule";
				TARGETED_DEVICE_FAMILY = "1,2";
				VALIDATE_PRODUCT = YES;
			};
			name = Release;
		};
		D9D7615F1EA93D2F0065F9BF /* Debug */ = {
			isa = XCBuildConfiguration;
			buildSettings = {
				ASSETCATALOG_COMPILER_APPICON_NAME = AppIcon;
				DEVELOPMENT_TEAM = MV6A58NLUE;
				INFOPLIST_FILE = deddit/Info.plist;
				LD_RUNPATH_SEARCH_PATHS = "$(inherited) @executable_path/Frameworks";
				PRODUCT_BUNDLE_IDENTIFIER = com.kidsmoke.deddit;
				PRODUCT_NAME = "$(TARGET_NAME)";
				SWIFT_VERSION = 3.0;
			};
			name = Debug;
		};
		D9D761601EA93D2F0065F9BF /* Release */ = {
			isa = XCBuildConfiguration;
			buildSettings = {
				ASSETCATALOG_COMPILER_APPICON_NAME = AppIcon;
				DEVELOPMENT_TEAM = MV6A58NLUE;
				INFOPLIST_FILE = deddit/Info.plist;
				LD_RUNPATH_SEARCH_PATHS = "$(inherited) @executable_path/Frameworks";
				PRODUCT_BUNDLE_IDENTIFIER = com.kidsmoke.deddit;
				PRODUCT_NAME = "$(TARGET_NAME)";
				SWIFT_VERSION = 3.0;
			};
			name = Release;
		};
/* End XCBuildConfiguration section */

/* Begin XCConfigurationList section */
		D9D761471EA93D2F0065F9BF /* Build configuration list for PBXProject "deddit" */ = {
			isa = XCConfigurationList;
			buildConfigurations = (
				D9D7615C1EA93D2F0065F9BF /* Debug */,
				D9D7615D1EA93D2F0065F9BF /* Release */,
			);
			defaultConfigurationIsVisible = 0;
			defaultConfigurationName = Release;
		};
		D9D7615E1EA93D2F0065F9BF /* Build configuration list for PBXNativeTarget "deddit" */ = {
			isa = XCConfigurationList;
			buildConfigurations = (
				D9D7615F1EA93D2F0065F9BF /* Debug */,
				D9D761601EA93D2F0065F9BF /* Release */,
			);
			defaultConfigurationIsVisible = 0;
			defaultConfigurationName = Release;
		};
/* End XCConfigurationList section */
	};
	rootObject = D9D761441EA93D2F0065F9BF /* Project object */;
}
